
Microsoft Visual Studio Solution File, Format Version 12.00
# Visual Studio Version 17
VisualStudioVersion = 17.2.32526.322
MinimumVisualStudioVersion = 10.0.40219.1
Project("{8BC9CEB8-8B4A-11D0-8D11-00A0C91BC942}") = "breeze_render_engine", "breeze_render_engine\breeze_render_engine.vcxproj", "{648D478D-5386-42C2-A36D-63F0B788EB35}"
EndProject
Global
	GlobalSection(SolutionConfigurationPlatforms) = preSolution
		Debug|x64 = Debug|x64
		Release|x64 = Release|x64
	EndGlobalSection
	GlobalSection(ProjectConfigurationPlatforms) = postSolution
		{648D478D-5386-42C2-A36D-63F0B788EB35}.Debug|x64.ActiveCfg = Debug|x64
		{648D478D-5386-42C2-A36D-63F0B788EB35}.Debug|x64.Build.0 = Debug|x64
		{648D478D-5386-42C2-A36D-63F0B788EB35}.Release|x64.ActiveCfg = Release|x64
		{648D478D-5386-42C2-A36D-63F0B788EB35}.Release|x64.Build.0 = Release|x64
	EndGlobalSection
	GlobalSection(SolutionProperties) = preSolution
		HideSolutionNode = FALSE
	EndGlobalSection
	GlobalSection(ExtensibilityGlobals) = postSolution
		SolutionGuid = {9CA0AD5B-7E45-4F61-886E-E17CC811BC6D}
	EndGlobalSection
EndGlobal
