<?xml version="1.0" encoding="utf-8"?>
<Project ToolsVersion="4.0" xmlns="http://schemas.microsoft.com/developer/msbuild/2003">
  <ItemGroup>
    <Filter Include="Source Files">
      <UniqueIdentifier>{4FC737F1-C7A5-4376-A066-2A32D752A2FF}</UniqueIdentifier>
      <Extensions>qml;cpp;c;cc;cxx;def;odl;idl;hpj;bat;asm;asmx</Extensions>
    </Filter>
    <Filter Include="Resource Files">
      <UniqueIdentifier>{67DA6AB6-F800-4c08-8B7A-83BB121AAD01}</UniqueIdentifier>
      <Extensions>qrc;rc;ico;cur;bmp;dlg;rc2;rct;bin;rgs;gif;jpg;jpeg;jpe;resx;tiff;tif;png;wav;mfcribbon-ms</Extensions>
    </Filter>
    <Filter Include="Source Files\interface">
      <UniqueIdentifier>{3e0e490e-6440-4762-901b-37ec38e3a4f8}</UniqueIdentifier>
    </Filter>
    <Filter Include="Source Files\opengl">
      <UniqueIdentifier>{3ef0c9bb-e0b6-4298-88e8-08d36029fab4}</UniqueIdentifier>
    </Filter>
    <Filter Include="Source Files\interface\fields">
      <UniqueIdentifier>{abffef38-08a8-4fcd-b6a4-783563b3efc9}</UniqueIdentifier>
    </Filter>
    <Filter Include="Source Files\interface\widgets">
      <UniqueIdentifier>{c278471f-5969-4c45-90c7-20976b7b8eb9}</UniqueIdentifier>
    </Filter>
  </ItemGroup>
  <ItemGroup>
    <ClCompile Include="main.cpp">
      <Filter>Source Files</Filter>
    </ClCompile>
    <ClCompile Include="src\interface\GLWidget.cpp">
      <Filter>Source Files\interface</Filter>
    </ClCompile>
    <ClCompile Include="src\opengl\Texture.cpp">
      <Filter>Source Files\opengl</Filter>
    </ClCompile>
  </ItemGroup>
  <ItemGroup>
    <None Include="assets\shaders\default.frag">
      <Filter>Resource Files</Filter>
    </None>
    <None Include="assets\shaders\default.vert">
      <Filter>Resource Files</Filter>
    </None>
    <None Include="assets\shaders\flat.frag">
      <Filter>Resource Files</Filter>
    </None>
    <None Include="assets\shaders\id.frag">
      <Filter>Resource Files</Filter>
    </None>
    <None Include="assets\shaders\canvas.vert">
      <Filter>Resource Files</Filter>
    </None>
    <None Include="assets\shaders\canvas.frag">
      <Filter>Resource Files</Filter>
    </None>
    <None Include="..\README.md">
      <Filter>Source Files</Filter>
    </None>
    <None Include="assets\shaders\light.frag">
      <Filter>Resource Files</Filter>
    </None>
    <None Include="..\.gitignore">
      <Filter>Source Files</Filter>
    </None>
    <None Include="assets\styles\styles.css">
      <Filter>Resource Files</Filter>
    </None>
    <None Include="..\CONTIBUTION.md">
      <Filter>Source Files</Filter>
    </None>
  </ItemGroup>
  <ItemGroup>
    <ClInclude Include="src\opengl\canvas.h">
      <Filter>Source Files\opengl</Filter>
    </ClInclude>
    <ClInclude Include="src\opengl\material.h">
      <Filter>Source Files\opengl</Filter>
    </ClInclude>
    <ClInclude Include="src\opengl\mesh.h">
      <Filter>Source Files\opengl</Filter>
    </ClInclude>
    <ClInclude Include="src\opengl\model.h">
      <Filter>Source Files\opengl</Filter>
    </ClInclude>
    <ClInclude Include="src\opengl\primitives.h">
      <Filter>Source Files\opengl</Filter>
    </ClInclude>
    <ClInclude Include="src\opengl\ray.h">
      <Filter>Source Files\opengl</Filter>
    </ClInclude>
    <ClInclude Include="src\opengl\rendercamera.h">
      <Filter>Source Files\opengl</Filter>
    </ClInclude>
    <ClInclude Include="src\opengl\shader.h">
      <Filter>Source Files\opengl</Filter>
    </ClInclude>
    <ClInclude Include="src\opengl\texture.h">
      <Filter>Source Files\opengl</Filter>
    </ClInclude>
    <ClInclude Include="src\opengl\vertex.h">
      <Filter>Source Files\opengl</Filter>
    </ClInclude>
    <ClInclude Include="src\opengl\viewportcamera.h">
      <Filter>Source Files\opengl</Filter>
    </ClInclude>
    <ClInclude Include="src\interface\ui_mainwindow.h">
      <Filter>Source Files\interface</Filter>
    </ClInclude>
    <ClInclude Include="src\common.h">
      <Filter>Source Files</Filter>
    </ClInclude>
    <ClInclude Include="src\interface\dragbar.h">
      <Filter>Source Files\interface</Filter>
    </ClInclude>
    <ClInclude Include="src\interface\propertiespanel.h">
      <Filter>Source Files\interface</Filter>
    </ClInclude>
    <ClInclude Include="src\interface\tabs.h">
      <Filter>Source Files\interface</Filter>
    </ClInclude>
    <ClInclude Include="src\interface\fields.h">
      <Filter>Source Files\interface</Filter>
    </ClInclude>
    <ClInclude Include="src\interface\fields\floatfield.h">
      <Filter>Source Files\interface\fields</Filter>
    </ClInclude>
    <ClInclude Include="src\interface\fields\integerfield.h">
      <Filter>Source Files\interface\fields</Filter>
    </ClInclude>
    <ClInclude Include="src\interface\fields\boolfield.h">
      <Filter>Source Files\interface\fields</Filter>
    </ClInclude>
    <ClInclude Include="src\interface\fields\sliderfield.h">
      <Filter>Source Files\interface\fields</Filter>
    </ClInclude>
    <ClInclude Include="src\interface\fields\colorfield.h">
      <Filter>Source Files\interface\fields</Filter>
    </ClInclude>
    <ClInclude Include="src\interface\widgets\qiconbutton.h">
      <Filter>Source Files\interface\widgets</Filter>
    </ClInclude>
    <ClInclude Include="src\interface\widgets\qtoggleiconbutton.h">
      <Filter>Source Files\interface\widgets</Filter>
    </ClInclude>
    <ClInclude Include="src\interface\widgets\qrenderpopup.h">
      <Filter>Source Files\interface\widgets</Filter>
    </ClInclude>
    <ClInclude Include="src\interface\widgets\qconfirmbox.h">
      <Filter>Source Files\interface\widgets</Filter>
    </ClInclude>
    <ClInclude Include="src\opengl\world.h">
      <Filter>Source Files\opengl</Filter>
    </ClInclude>
    <ClInclude Include="resource.h" />
    <ClInclude Include="resource1.h" />
    <ClInclude Include="resource2.h" />
  </ItemGroup>
  <ItemGroup>
    <QtMoc Include="src\interface\glwidget.h">
      <Filter>Source Files\interface</Filter>
    </QtMoc>
    <QtMoc Include="src\interface\mainwindow.h">
      <Filter>Source Files\interface</Filter>
    </QtMoc>
    <QtMoc Include="src\interface\fields\qvector3dfield.h">
      <Filter>Source Files\interface\fields</Filter>
    </QtMoc>
  </ItemGroup>
  <ItemGroup>
    <QtRcc Include="resource.qrc">
      <Filter>Source Files</Filter>
    </QtRcc>
  </ItemGroup>
  <ItemGroup>
    <Image Include="assets\images\logo.png">
      <Filter>Resource Files</Filter>
    </Image>
    <Image Include="breeze_icon.ico">
      <Filter>Resource Files</Filter>
    </Image>
  </ItemGroup>
  <ItemGroup>
    <ResourceCompile Include="breeze_render_engine.rc">
      <Filter>Resource Files</Filter>
    </ResourceCompile>
  </ItemGroup>
</Project>